
Microsoft Visual Studio Solution File, Format Version 10.00
# Visual Studio 2008
Project("{FAE04EC0-301F-11D3-BF4B-00C04F79EFBC}") = "Nand512Library", "Nand512Library\Nand512Library.csproj", "{B59712DB-0B00-4975-8F4B-10B3F085C172}"
EndProject
Project("{FAE04EC0-301F-11D3-BF4B-00C04F79EFBC}") = "Test", "Test\Test.csproj", "{28AD91A0-25E4-4C98-AD1C-C50953DA1870}"
EndProject
Global
	GlobalSection(SolutionConfigurationPlatforms) = preSolution
		Debug|Any CPU = Debug|Any CPU
		Release|Any CPU = Release|Any CPU
	EndGlobalSection
	GlobalSection(ProjectConfigurationPlatforms) = postSolution
		{B59712DB-0B00-4975-8F4B-10B3F085C172}.Debug|Any CPU.ActiveCfg = Debug|Any CPU
		{B59712DB-0B00-4975-8F4B-10B3F085C172}.Debug|Any CPU.Build.0 = Debug|Any CPU
		{B59712DB-0B00-4975-8F4B-10B3F085C172}.Release|Any CPU.ActiveCfg = Release|Any CPU
		{B59712DB-0B00-4975-8F4B-10B3F085C172}.Release|Any CPU.Build.0 = Release|Any CPU
		{28AD91A0-25E4-4C98-AD1C-C50953DA1870}.Debug|Any CPU.ActiveCfg = Debug|Any CPU
		{28AD91A0-25E4-4C98-AD1C-C50953DA1870}.Debug|Any CPU.Build.0 = Debug|Any CPU
		{28AD91A0-25E4-4C98-AD1C-C50953DA1870}.Release|Any CPU.ActiveCfg = Release|Any CPU
		{28AD91A0-25E4-4C98-AD1C-C50953DA1870}.Release|Any CPU.Build.0 = Release|Any CPU
	EndGlobalSection
	GlobalSection(SolutionProperties) = preSolution
		HideSolutionNode = FALSE
	EndGlobalSection
EndGlobal
